contract_bundle:
  name: "baobab-platform-resolution"
  version: "1.0.0"
  source_repository: "baobab-platform/shared"
  source_commit: 97ed1f0f962f88f6c3c1fb5d1951421552c9afb5
schema: nabhold-contract-consumer-lock
version: "1.0"
source:
  repository: baobab-platform/shared
  commit: 97ed1f0f962f88f6c3c1fb5d1951421552c9afb5
# This file previously listed 4 of the ~14 contracts this repository actually
# implements against - see docs/reconciliation/shared-control-plane-audit.md
# §6. It must declare every schema/policy file whose shape this repository's
# Go types, persistence, or HTTP responses are derived from, whether or not a
# contract-compatibility test (internal/contracttest, run against
# SHARED_CONTRACTS_DIR - see .github/workflows/ci.yml) exists for it yet.
contracts:
  - contracts/control-plane/v1/access-token-claims.schema.json
  - contracts/control-plane/v1/context-resolution.schema.json
  - contracts/control-plane/v1/domain.schema.json
  - contracts/control-plane/v1/tenant-registration.schema.json
  - contracts/control-plane/v1/tenant-bootstrap-registration.schema.json
  - contracts/control-plane/v1/tenant.schema.json
  - contracts/control-plane/v1/canonical-entity.schema.json
  - contracts/control-plane/v1/capability-explanation.schema.json
  - contracts/control-plane/v1/canonical-mapping.schema.json
  - contracts/control-plane/v1/provisioning-state-machine.yaml
  - contracts/control-plane/v1/openapi.yaml
  - contracts/control-plane/v1/security-policy.yaml
  - contracts/control-plane/v1/external-systems.yaml
  - contracts/control-plane/v1/tenant-provisioning-milestone.schema.json
  - contracts/control-plane/v1/market-participation-created.schema.json
  - contracts/control-plane/v1/market-participation-updated.schema.json
  - contracts/control-plane/v1/market.schema.json
  - contracts/organisation/v1/iam.schema.json
  - contracts/organisation/v1/admission.schema.json
  - contracts/organisation/v1/counterparty.schema.json
  - contracts/organisation/v1/observability.schema.json
  - contracts/organisation/v1/domain.schema.json
  - contracts/organisation/v1/relationship.schema.json
  - contracts/organisation/v1/platform.schema.json
  - contracts/admission/v1/application.schema.json
  - contracts/admission/v1/decision.schema.json
  - contracts/admission/v1/onboarding.schema.json
  - contracts/admission/v1/onboarding-lifecycle.yaml
  - contracts/admission/v1/events.schema.json
  - contracts/admission/v1/lifecycle.yaml
  - contracts/capability/v1/domain.schema.json
  - contracts/product/v1/domain.schema.json
  - contracts/product/v1/events.schema.json
  - contracts/product/v1/subscription.schema.json
  - contracts/product/v1/billing-policy.yaml
  - contracts/capability/v1/capability.schema.json
  - contracts/capability/v1/registration.schema.json
  - contracts/subscriptions/v1/domain.schema.json
  - contracts/subscriptions/v1/billing.schema.json
  - contracts/subscriptions/v1/events.schema.json
  - contracts/subscriptions/v1/capabilities.json
  - contracts/payments/v1/capabilities.json
  - contracts/errors/v1/problem-details.schema.json
  - contracts/idempotency/v1/policy.yaml
  - contracts/identity/v1/principal.schema.json
  - contracts/identity/v1/external-identity.schema.json
  - contracts/identity/v1/external-reference.schema.json
  - contracts/events/v1/envelope.schema.json
  - contracts/control-plane/v1/asyncapi.yaml
  - contracts/control-plane/v1/provisioning-started.schema.json
  - contracts/trade-lane/v1/events.schema.json
  - contracts/trade-lane/v1/asyncapi.yaml
  - contracts/organisation/v1/mapping.schema.json
  - contracts/organisation/v1/events.schema.json
  - contracts/organisation/v1/asyncapi.yaml
  - contracts/legal-entity/registry.yaml
  - contracts/admission/v1/asyncapi.yaml
  - contracts/capability/v1/composition.schema.json
  - contracts/capability/v1/grant.schema.json
  - contracts/capability/v1/scope.schema.json
  - contracts/capability/v1/scope-specificity.yaml
  - contracts/product/v1/asyncapi.yaml
  - contracts/identity/v1/human-identity.schema.json
  - contracts/identity/v1/workload-registry.yaml
policy:
  updates: explicit_pull_request
  compatibility: validate_before_merge
